
Microsoft Visual Studio Solution File, Format Version 12.00
# Visual Studio 2013
VisualStudioVersion = 12.0.21005.1
MinimumVisualStudioVersion = 10.0.40219.1
Project("{FAE04EC0-301F-11D3-BF4B-00C04F79EFBC}") = "LearnSeleniumWebdriver", "LearnSeleniumWebdriver\LearnSeleniumWebdriver.csproj", "{C13F740E-5F80-4B78-82B8-C13448AE3DEC}"
EndProject
Project("{2150E333-8FDC-42A3-9474-1A3956D46DE8}") = "Solution Items", "Solution Items", "{931047C3-9FF2-4903-BAFF-6762A7D25D84}"
	ProjectSection(SolutionItems) = preProject
		local.testsettings = local.testsettings
	EndProjectSection
EndProject
Project("{2150E333-8FDC-42A3-9474-1A3956D46DE8}") = ".nuget", ".nuget", "{FCFDDF55-E1A9-4009-B27E-2264CB6EDB01}"
	ProjectSection(SolutionItems) = preProject
		.nuget\NuGet.Config = .nuget\NuGet.Config
		.nuget\NuGet.exe = .nuget\NuGet.exe
		.nuget\NuGet.targets = .nuget\NuGet.targets
	EndProjectSection
EndProject
Global
	GlobalSection(SolutionConfigurationPlatforms) = preSolution
		Debug|Any CPU = Debug|Any CPU
		Release|Any CPU = Release|Any CPU
	EndGlobalSection
	GlobalSection(ProjectConfigurationPlatforms) = postSolution
		{C13F740E-5F80-4B78-82B8-C13448AE3DEC}.Debug|Any CPU.ActiveCfg = Debug|Any CPU
		{C13F740E-5F80-4B78-82B8-C13448AE3DEC}.Debug|Any CPU.Build.0 = Debug|Any CPU
		{C13F740E-5F80-4B78-82B8-C13448AE3DEC}.Release|Any CPU.ActiveCfg = Release|Any CPU
		{C13F740E-5F80-4B78-82B8-C13448AE3DEC}.Release|Any CPU.Build.0 = Release|Any CPU
	EndGlobalSection
	GlobalSection(SolutionProperties) = preSolution
		HideSolutionNode = FALSE
	EndGlobalSection
EndGlobal
